// !$*UTF8*$!
{
	archiveVersion = 1;
	classes = {
	};
	objectVersion = 46;
	objects = {

/* Begin PBXBuildFile section */
		65A193C91E0AC1190070A4EE /* main.m in Sources */ = {isa = PBXBuildFile; fileRef = 65A193C81E0AC1190070A4EE /* main.m */; };
		65A193CC1E0AC1190070A4EE /* AppDelegate.m in Sources */ = {isa = PBXBuildFile; fileRef = 65A193CB1E0AC1190070A4EE /* AppDelegate.m */; };
		65A193CF1E0AC1190070A4EE /* MasterViewController.m in Sources */ = {isa = PBXBuildFile; fileRef = 65A193CE1E0AC1190070A4EE /* MasterViewController.m */; };
		65A193D21E0AC1190070A4EE /* DetailViewController.m in Sources */ = {isa = PBXBuildFile; fileRef = 65A193D11E0AC1190070A4EE /* DetailViewController.m */; };
		65A193D51E0AC1190070A4EE /* Main.storyboard in Resources */ = {isa = PBXBuildFile; fileRef = 65A193D31E0AC1190070A4EE /* Main.storyboard */; };
		65A193D71E0AC1190070A4EE /* Assets.xcassets in Resources */ = {isa = PBXBuildFile; fileRef = 65A193D61E0AC1190070A4EE /* Assets.xcassets */; };
		65A193DA1E0AC1190070A4EE /* LaunchScreen.storyboard in Resources */ = {isa = PBXBuildFile; fileRef = 65A193D81E0AC1190070A4EE /* LaunchScreen.storyboard */; };
		65A193E51E0AC1190070A4EE /* operatorTests.m in Sources */ = {isa = PBXBuildFile; fileRef = 65A193E41E0AC1190070A4EE /* operatorTests.m */; };
		65A193F01E0AC1190070A4EE /* operatorUITests.m in Sources */ = {isa = PBXBuildFile; fileRef = 65A193EF1E0AC1190070A4EE /* operatorUITests.m */; };
		65A193FF1E0AC12C0070A4EE /* MyString.cpp in Sources */ = {isa = PBXBuildFile; fileRef = 65A193FD1E0AC12C0070A4EE /* MyString.cpp */; };
/* End PBXBuildFile section */

/* Begin PBXContainerItemProxy section */
		65A193E11E0AC1190070A4EE /* PBXContainerItemProxy */ = {
			isa = PBXContainerItemProxy;
			containerPortal = 65A193BC1E0AC1190070A4EE /* Project object */;
			proxyType = 1;
			remoteGlobalIDString = 65A193C31E0AC1190070A4EE;
			remoteInfo = operator;
		};
		65A193EC1E0AC1190070A4EE /* PBXContainerItemProxy */ = {
			isa = PBXContainerItemProxy;
			containerPortal = 65A193BC1E0AC1190070A4EE /* Project object */;
			proxyType = 1;
			remoteGlobalIDString = 65A193C31E0AC1190070A4EE;
			remoteInfo = operator;
		};
/* End PBXContainerItemProxy section */

/* Begin PBXFileReference section */
		65A193C41E0AC1190070A4EE /* operator.app */ = {isa = PBXFileReference; explicitFileType = wrapper.application; includeInIndex = 0; path = operator.app; sourceTree = BUILT_PRODUCTS_DIR; };
		65A193C81E0AC1190070A4EE /* main.m */ = {isa = PBXFileReference; lastKnownFileType = sourcecode.c.objc; path = main.m; sourceTree = "<group>"; };
		65A193CA1E0AC1190070A4EE /* AppDelegate.h */ = {isa = PBXFileReference; lastKnownFileType = sourcecode.c.h; path = AppDelegate.h; sourceTree = "<group>"; };
		65A193CB1E0AC1190070A4EE /* AppDelegate.m */ = {isa = PBXFileReference; lastKnownFileType = sourcecode.c.objc; path = AppDelegate.m; sourceTree = "<group>"; };
		65A193CD1E0AC1190070A4EE /* MasterViewController.h */ = {isa = PBXFileReference; lastKnownFileType = sourcecode.c.h; path = MasterViewController.h; sourceTree = "<group>"; };
		65A193CE1E0AC1190070A4EE /* MasterViewController.m */ = {isa = PBXFileReference; lastKnownFileType = sourcecode.c.objc; path = MasterViewController.m; sourceTree = "<group>"; };
		65A193D01E0AC1190070A4EE /* DetailViewController.h */ = {isa = PBXFileReference; lastKnownFileType = sourcecode.c.h; path = DetailViewController.h; sourceTree = "<group>"; };
		65A193D11E0AC1190070A4EE /* DetailViewController.m */ = {isa = PBXFileReference; lastKnownFileType = sourcecode.c.objc; path = DetailViewController.m; sourceTree = "<group>"; };
		65A193D41E0AC1190070A4EE /* Base */ = {isa = PBXFileReference; lastKnownFileType = file.storyboard; name = Base; path = Base.lproj/Main.storyboard; sourceTree = "<group>"; };
		65A193D61E0AC1190070A4EE /* Assets.xcassets */ = {isa = PBXFileReference; lastKnownFileType = folder.assetcatalog; path = Assets.xcassets; sourceTree = "<group>"; };
		65A193D91E0AC1190070A4EE /* Base */ = {isa = PBXFileReference; lastKnownFileType = file.storyboard; name = Base; path = Base.lproj/LaunchScreen.storyboard; sourceTree = "<group>"; };
		65A193DB1E0AC1190070A4EE /* Info.plist */ = {isa = PBXFileReference; lastKnownFileType = text.plist.xml; path = Info.plist; sourceTree = "<group>"; };
		65A193E01E0AC1190070A4EE /* operatorTests.xctest */ = {isa = PBXFileReference; explicitFileType = wrapper.cfbundle; includeInIndex = 0; path = operatorTests.xctest; sourceTree = BUILT_PRODUCTS_DIR; };
		65A193E41E0AC1190070A4EE /* operatorTests.m */ = {isa = PBXFileReference; lastKnownFileType = sourcecode.c.objc; path = operatorTests.m; sourceTree = "<group>"; };
		65A193E61E0AC1190070A4EE /* Info.plist */ = {isa = PBXFileReference; lastKnownFileType = text.plist.xml; path = Info.plist; sourceTree = "<group>"; };
		65A193EB1E0AC1190070A4EE /* operatorUITests.xctest */ = {isa = PBXFileReference; explicitFileType = wrapper.cfbundle; includeInIndex = 0; path = operatorUITests.xctest; sourceTree = BUILT_PRODUCTS_DIR; };
		65A193EF1E0AC1190070A4EE /* operatorUITests.m */ = {isa = PBXFileReference; lastKnownFileType = sourcecode.c.objc; path = operatorUITests.m; sourceTree = "<group>"; };
		65A193F11E0AC1190070A4EE /* Info.plist */ = {isa = PBXFileReference; lastKnownFileType = text.plist.xml; path = Info.plist; sourceTree = "<group>"; };
		65A193FD1E0AC12C0070A4EE /* MyString.cpp */ = {isa = PBXFileReference; fileEncoding = 4; lastKnownFileType = sourcecode.cpp.cpp; path = MyString.cpp; sourceTree = "<group>"; };
		65A193FE1E0AC12C0070A4EE /* MyString.hpp */ = {isa = PBXFileReference; fileEncoding = 4; lastKnownFileType = sourcecode.cpp.h; path = MyString.hpp; sourceTree = "<group>"; };
/* End PBXFileReference section */

/* Begin PBXFrameworksBuildPhase section */
		65A193C11E0AC1190070A4EE /* Frameworks */ = {
			isa = PBXFrameworksBuildPhase;
			buildActionMask = 2147483647;
			files = (
			);
			runOnlyForDeploymentPostprocessing = 0;
		};
		65A193DD1E0AC1190070A4EE /* Frameworks */ = {
			isa = PBXFrameworksBuildPhase;
			buildActionMask = 2147483647;
			files = (
			);
			runOnlyForDeploymentPostprocessing = 0;
		};
		65A193E81E0AC1190070A4EE /* Frameworks */ = {
			isa = PBXFrameworksBuildPhase;
			buildActionMask = 2147483647;
			files = (
			);
			runOnlyForDeploymentPostprocessing = 0;
		};
/* End PBXFrameworksBuildPhase section */

/* Begin PBXGroup section */
		65A193BB1E0AC1190070A4EE = {
			isa = PBXGroup;
			children = (
				65A193C61E0AC1190070A4EE /* operator */,
				65A193E31E0AC1190070A4EE /* operatorTests */,
				65A193EE1E0AC1190070A4EE /* operatorUITests */,
				65A193C51E0AC1190070A4EE /* Products */,
			);
			sourceTree = "<group>";
		};
		65A193C51E0AC1190070A4EE /* Products */ = {
			isa = PBXGroup;
			children = (
				65A193C41E0AC1190070A4EE /* operator.app */,
				65A193E01E0AC1190070A4EE /* operatorTests.xctest */,
				65A193EB1E0AC1190070A4EE /* operatorUITests.xctest */,
			);
			name = Products;
			sourceTree = "<group>";
		};
		65A193C61E0AC1190070A4EE /* operator */ = {
			isa = PBXGroup;
			children = (
				65A193CA1E0AC1190070A4EE /* AppDelegate.h */,
				65A193CB1E0AC1190070A4EE /* AppDelegate.m */,
				65A193CD1E0AC1190070A4EE /* MasterViewController.h */,
				65A193CE1E0AC1190070A4EE /* MasterViewController.m */,
				65A193D01E0AC1190070A4EE /* DetailViewController.h */,
				65A193D11E0AC1190070A4EE /* DetailViewController.m */,
				65A193D31E0AC1190070A4EE /* Main.storyboard */,
				65A193D61E0AC1190070A4EE /* Assets.xcassets */,
				65A193D81E0AC1190070A4EE /* LaunchScreen.storyboard */,
				65A193DB1E0AC1190070A4EE /* Info.plist */,
				65A193C71E0AC1190070A4EE /* Supporting Files */,
				65A193FD1E0AC12C0070A4EE /* MyString.cpp */,
				65A193FE1E0AC12C0070A4EE /* MyString.hpp */,
			);
			path = operator;
			sourceTree = "<group>";
		};
		65A193C71E0AC1190070A4EE /* Supporting Files */ = {
			isa = PBXGroup;
			children = (
				65A193C81E0AC1190070A4EE /* main.m */,
			);
			name = "Supporting Files";
			sourceTree = "<group>";
		};
		65A193E31E0AC1190070A4EE /* operatorTests */ = {
			isa = PBXGroup;
			children = (
				65A193E41E0AC1190070A4EE /* operatorTests.m */,
				65A193E61E0AC1190070A4EE /* Info.plist */,
			);
			path = operatorTests;
			sourceTree = "<group>";
		};
		65A193EE1E0AC1190070A4EE /* operatorUITests */ = {
			isa = PBXGroup;
			children = (
				65A193EF1E0AC1190070A4EE /* operatorUITests.m */,
				65A193F11E0AC1190070A4EE /* Info.plist */,
			);
			path = operatorUITests;
			sourceTree = "<group>";
		};
/* End PBXGroup section */

/* Begin PBXNativeTarget section */
		65A193C31E0AC1190070A4EE /* operator */ = {
			isa = PBXNativeTarget;
			buildConfigurationList = 65A193F41E0AC1190070A4EE /* Build configuration list for PBXNativeTarget "operator" */;
			buildPhases = (
				65A193C01E0AC1190070A4EE /* Sources */,
				65A193C11E0AC1190070A4EE /* Frameworks */,
				65A193C21E0AC1190070A4EE /* Resources */,
			);
			buildRules = (
			);
			dependencies = (
			);
			name = operator;
			productName = operator;
			productReference = 65A193C41E0AC1190070A4EE /* operator.app */;
			productType = "com.apple.product-type.application";
		};
		65A193DF1E0AC1190070A4EE /* operatorTests */ = {
			isa = PBXNativeTarget;
			buildConfigurationList = 65A193F71E0AC1190070A4EE /* Build configuration list for PBXNativeTarget "operatorTests" */;
			buildPhases = (
				65A193DC1E0AC1190070A4EE /* Sources */,
				65A193DD1E0AC1190070A4EE /* Frameworks */,
				65A193DE1E0AC1190070A4EE /* Resources */,
			);
			buildRules = (
			);
			dependencies = (
				65A193E21E0AC1190070A4EE /* PBXTargetDependency */,
			);
			name = operatorTests;
			productName = operatorTests;
			productReference = 65A193E01E0AC1190070A4EE /* operatorTests.xctest */;
			productType = "com.apple.product-type.bundle.unit-test";
		};
		65A193EA1E0AC1190070A4EE /* operatorUITests */ = {
			isa = PBXNativeTarget;
			buildConfigurationList = 65A193FA1E0AC1190070A4EE /* Build configuration list for PBXNativeTarget "operatorUITests" */;
			buildPhases = (
				65A193E71E0AC1190070A4EE /* Sources */,
				65A193E81E0AC1190070A4EE /* Frameworks */,
				65A193E91E0AC1190070A4EE /* Resources */,
			);
			buildRules = (
			);
			dependencies = (
				65A193ED1E0AC1190070A4EE /* PBXTargetDependency */,
			);
			name = operatorUITests;
			productName = operatorUITests;
			productReference = 65A193EB1E0AC1190070A4EE /* operatorUITests.xctest */;
			productType = "com.apple.product-type.bundle.ui-testing";
		};
/* End PBXNativeTarget section */

/* Begin PBXProject section */
		65A193BC1E0AC1190070A4EE /* Project object */ = {
			isa = PBXProject;
			attributes = {
				LastUpgradeCheck = 0730;
				ORGANIZATIONNAME = "王振丰";
				TargetAttributes = {
					65A193C31E0AC1190070A4EE = {
						CreatedOnToolsVersion = 7.3.1;
					};
					65A193DF1E0AC1190070A4EE = {
						CreatedOnToolsVersion = 7.3.1;
						TestTargetID = 65A193C31E0AC1190070A4EE;
					};
					65A193EA1E0AC1190070A4EE = {
						CreatedOnToolsVersion = 7.3.1;
						TestTargetID = 65A193C31E0AC1190070A4EE;
					};
				};
			};
			buildConfigurationList = 65A193BF1E0AC1190070A4EE /* Build configuration list for PBXProject "operator" */;
			compatibilityVersion = "Xcode 3.2";
			developmentRegion = English;
			hasScannedForEncodings = 0;
			knownRegions = (
				en,
				Base,
			);
			mainGroup = 65A193BB1E0AC1190070A4EE;
			productRefGroup = 65A193C51E0AC1190070A4EE /* Products */;
			projectDirPath = "";
			projectRoot = "";
			targets = (
				65A193C31E0AC1190070A4EE /* operator */,
				65A193DF1E0AC1190070A4EE /* operatorTests */,
				65A193EA1E0AC1190070A4EE /* operatorUITests */,
			);
		};
/* End PBXProject section */

/* Begin PBXResourcesBuildPhase section */
		65A193C21E0AC1190070A4EE /* Resources */ = {
			isa = PBXResourcesBuildPhase;
			buildActionMask = 2147483647;
			files = (
				65A193DA1E0AC1190070A4EE /* LaunchScreen.storyboard in Resources */,
				65A193D71E0AC1190070A4EE /* Assets.xcassets in Resources */,
				65A193D51E0AC1190070A4EE /* Main.storyboard in Resources */,
			);
			runOnlyForDeploymentPostprocessing = 0;
		};
		65A193DE1E0AC1190070A4EE /* Resources */ = {
			isa = PBXResourcesBuildPhase;
			buildActionMask = 2147483647;
			files = (
			);
			runOnlyForDeploymentPostprocessing = 0;
		};
		65A193E91E0AC1190070A4EE /* Resources */ = {
			isa = PBXResourcesBuildPhase;
			buildActionMask = 2147483647;
			files = (
			);
			runOnlyForDeploymentPostprocessing = 0;
		};
/* End PBXResourcesBuildPhase section */

/* Begin PBXSourcesBuildPhase section */
		65A193C01E0AC1190070A4EE /* Sources */ = {
			isa = PBXSourcesBuildPhase;
			buildActionMask = 2147483647;
			files = (
				65A193CC1E0AC1190070A4EE /* AppDelegate.m in Sources */,
				65A193CF1E0AC1190070A4EE /* MasterViewController.m in Sources */,
				65A193C91E0AC1190070A4EE /* main.m in Sources */,
				65A193D21E0AC1190070A4EE /* DetailViewController.m in Sources */,
				65A193FF1E0AC12C0070A4EE /* MyString.cpp in Sources */,
			);
			runOnlyForDeploymentPostprocessing = 0;
		};
		65A193DC1E0AC1190070A4EE /* Sources */ = {
			isa = PBXSourcesBuildPhase;
			buildActionMask = 2147483647;
			files = (
				65A193E51E0AC1190070A4EE /* operatorTests.m in Sources */,
			);
			runOnlyForDeploymentPostprocessing = 0;
		};
		65A193E71E0AC1190070A4EE /* Sources */ = {
			isa = PBXSourcesBuildPhase;
			buildActionMask = 2147483647;
			files = (
				65A193F01E0AC1190070A4EE /* operatorUITests.m in Sources */,
			);
			runOnlyForDeploymentPostprocessing = 0;
		};
/* End PBXSourcesBuildPhase section */

/* Begin PBXTargetDependency section */
		65A193E21E0AC1190070A4EE /* PBXTargetDependency */ = {
			isa = PBXTargetDependency;
			target = 65A193C31E0AC1190070A4EE /* operator */;
			targetProxy = 65A193E11E0AC1190070A4EE /* PBXContainerItemProxy */;
		};
		65A193ED1E0AC1190070A4EE /* PBXTargetDependency */ = {
			isa = PBXTargetDependency;
			target = 65A193C31E0AC1190070A4EE /* operator */;
			targetProxy = 65A193EC1E0AC1190070A4EE /* PBXContainerItemProxy */;
		};
/* End PBXTargetDependency section */

/* Begin PBXVariantGroup section */
		65A193D31E0AC1190070A4EE /* Main.storyboard */ = {
			isa = PBXVariantGroup;
			children = (
				65A193D41E0AC1190070A4EE /* Base */,
			);
			name = Main.storyboard;
			sourceTree = "<group>";
		};
		65A193D81E0AC1190070A4EE /* LaunchScreen.storyboard */ = {
			isa = PBXVariantGroup;
			children = (
				65A193D91E0AC1190070A4EE /* Base */,
			);
			name = LaunchScreen.storyboard;
			sourceTree = "<group>";
		};
/* End PBXVariantGroup section */

/* Begin XCBuildConfiguration section */
		65A193F21E0AC1190070A4EE /* Debug */ = {
			isa = XCBuildConfiguration;
			buildSettings = {
				ALWAYS_SEARCH_USER_PATHS = NO;
				CLANG_ANALYZER_NONNULL = YES;
				CLANG_CXX_LANGUAGE_STANDARD = "gnu++0x";
				CLANG_CXX_LIBRARY = "libc++";
				CLANG_ENABLE_MODULES = YES;
				CLANG_ENABLE_OBJC_ARC = YES;
				CLANG_WARN_BOOL_CONVERSION = YES;
				CLANG_WARN_CONSTANT_CONVERSION = YES;
				CLANG_WARN_DIRECT_OBJC_ISA_USAGE = YES_ERROR;
				CLANG_WARN_EMPTY_BODY = YES;
				CLANG_WARN_ENUM_CONVERSION = YES;
				CLANG_WARN_INT_CONVERSION = YES;
				CLANG_WARN_OBJC_ROOT_CLASS = YES_ERROR;
				CLANG_WARN_UNREACHABLE_CODE = YES;
				CLANG_WARN__DUPLICATE_METHOD_MATCH = YES;
				"CODE_SIGN_IDENTITY[sdk=iphoneos*]" = "iPhone Developer";
				COPY_PHASE_STRIP = NO;
				DEBUG_INFORMATION_FORMAT = dwarf;
				ENABLE_STRICT_OBJC_MSGSEND = YES;
				ENABLE_TESTABILITY = YES;
				GCC_C_LANGUAGE_STANDARD = gnu99;
				GCC_DYNAMIC_NO_PIC = NO;
				GCC_NO_COMMON_BLOCKS = YES;
				GCC_OPTIMIZATION_LEVEL = 0;
				GCC_PREPROCESSOR_DEFINITIONS = (
					"DEBUG=1",
					"$(inherited)",
				);
				GCC_WARN_64_TO_32_BIT_CONVERSION = YES;
				GCC_WARN_ABOUT_RETURN_TYPE = YES_ERROR;
				GCC_WARN_UNDECLARED_SELECTOR = YES;
				GCC_WARN_UNINITIALIZED_AUTOS = YES_AGGRESSIVE;
				GCC_WARN_UNUSED_FUNCTION = YES;
				GCC_WARN_UNUSED_VARIABLE = YES;
				IPHONEOS_DEPLOYMENT_TARGET = 9.3;
				MTL_ENABLE_DEBUG_INFO = YES;
				ONLY_ACTIVE_ARCH = YES;
				SDKROOT = iphoneos;
				TARGETED_DEVICE_FAMILY = "1,2";
			};
			name = Debug;
		};
		65A193F31E0AC1190070A4EE /* Release */ = {
			isa = XCBuildConfiguration;
			buildSettings = {
				ALWAYS_SEARCH_USER_PATHS = NO;
				CLANG_ANALYZER_NONNULL = YES;
				CLANG_CXX_LANGUAGE_STANDARD = "gnu++0x";
				CLANG_CXX_LIBRARY = "libc++";
				CLANG_ENABLE_MODULES = YES;
				CLANG_ENABLE_OBJC_ARC = YES;
				CLANG_WARN_BOOL_CONVERSION = YES;
				CLANG_WARN_CONSTANT_CONVERSION = YES;
				CLANG_WARN_DIRECT_OBJC_ISA_USAGE = YES_ERROR;
				CLANG_WARN_EMPTY_BODY = YES;
				CLANG_WARN_ENUM_CONVERSION = YES;
				CLANG_WARN_INT_CONVERSION = YES;
				CLANG_WARN_OBJC_ROOT_CLASS = YES_ERROR;
				CLANG_WARN_UNREACHABLE_CODE = YES;
				CLANG_WARN__DUPLICATE_METHOD_MATCH = YES;
				"CODE_SIGN_IDENTITY[sdk=iphoneos*]" = "iPhone Developer";
				COPY_PHASE_STRIP = NO;
				DEBUG_INFORMATION_FORMAT = "dwarf-with-dsym";
				ENABLE_NS_ASSERTIONS = NO;
				ENABLE_STRICT_OBJC_MSGSEND = YES;
				GCC_C_LANGUAGE_STANDARD = gnu99;
				GCC_NO_COMMON_BLOCKS = YES;
				GCC_WARN_64_TO_32_BIT_CONVERSION = YES;
				GCC_WARN_ABOUT_RETURN_TYPE = YES_ERROR;
				GCC_WARN_UNDECLARED_SELECTOR = YES;
				GCC_WARN_UNINITIALIZED_AUTOS = YES_AGGRESSIVE;
				GCC_WARN_UNUSED_FUNCTION = YES;
				GCC_WARN_UNUSED_VARIABLE = YES;
				IPHONEOS_DEPLOYMENT_TARGET = 9.3;
				MTL_ENABLE_DEBUG_INFO = NO;
				SDKROOT = iphoneos;
				TARGETED_DEVICE_FAMILY = "1,2";
				VALIDATE_PRODUCT = YES;
			};
			name = Release;
		};
		65A193F51E0AC1190070A4EE /* Debug */ = {
			isa = XCBuildConfiguration;
			buildSettings = {
				ASSETCATALOG_COMPILER_APPICON_NAME = AppIcon;
				INFOPLIST_FILE = operator/Info.plist;
				LD_RUNPATH_SEARCH_PATHS = "$(inherited) @executable_path/Frameworks";
				PRODUCT_BUNDLE_IDENTIFIER = wzf.operator;
				PRODUCT_NAME = "$(TARGET_NAME)";
			};
			name = Debug;
		};
		65A193F61E0AC1190070A4EE /* Release */ = {
			isa = XCBuildConfiguration;
			buildSettings = {
				ASSETCATALOG_COMPILER_APPICON_NAME = AppIcon;
				INFOPLIST_FILE = operator/Info.plist;
				LD_RUNPATH_SEARCH_PATHS = "$(inherited) @executable_path/Frameworks";
				PRODUCT_BUNDLE_IDENTIFIER = wzf.operator;
				PRODUCT_NAME = "$(TARGET_NAME)";
			};
			name = Release;
		};
		65A193F81E0AC1190070A4EE /* Debug */ = {
			isa = XCBuildConfiguration;
			buildSettings = {
				BUNDLE_LOADER = "$(TEST_HOST)";
				INFOPLIST_FILE = operatorTests/Info.plist;
				LD_RUNPATH_SEARCH_PATHS = "$(inherited) @executable_path/Frameworks @loader_path/Frameworks";
				PRODUCT_BUNDLE_IDENTIFIER = wzf.operatorTests;
				PRODUCT_NAME = "$(TARGET_NAME)";
				TEST_HOST = "$(BUILT_PRODUCTS_DIR)/operator.app/operator";
			};
			name = Debug;
		};
		65A193F91E0AC1190070A4EE /* Release */ = {
			isa = XCBuildConfiguration;
			buildSettings = {
				BUNDLE_LOADER = "$(TEST_HOST)";
				INFOPLIST_FILE = operatorTests/Info.plist;
				LD_RUNPATH_SEARCH_PATHS = "$(inherited) @executable_path/Frameworks @loader_path/Frameworks";
				PRODUCT_BUNDLE_IDENTIFIER = wzf.operatorTests;
				PRODUCT_NAME = "$(TARGET_NAME)";
				TEST_HOST = "$(BUILT_PRODUCTS_DIR)/operator.app/operator";
			};
			name = Release;
		};
		65A193FB1E0AC1190070A4EE /* Debug */ = {
			isa = XCBuildConfiguration;
			buildSettings = {
				INFOPLIST_FILE = operatorUITests/Info.plist;
				LD_RUNPATH_SEARCH_PATHS = "$(inherited) @executable_path/Frameworks @loader_path/Frameworks";
				PRODUCT_BUNDLE_IDENTIFIER = wzf.operatorUITests;
				PRODUCT_NAME = "$(TARGET_NAME)";
				TEST_TARGET_NAME = operator;
			};
			name = Debug;
		};
		65A193FC1E0AC1190070A4EE /* Release */ = {
			isa = XCBuildConfiguration;
			buildSettings = {
				INFOPLIST_FILE = operatorUITests/Info.plist;
				LD_RUNPATH_SEARCH_PATHS = "$(inherited) @executable_path/Frameworks @loader_path/Frameworks";
				PRODUCT_BUNDLE_IDENTIFIER = wzf.operatorUITests;
				PRODUCT_NAME = "$(TARGET_NAME)";
				TEST_TARGET_NAME = operator;
			};
			name = Release;
		};
/* End XCBuildConfiguration section */

/* Begin XCConfigurationList section */
		65A193BF1E0AC1190070A4EE /* Build configuration list for PBXProject "operator" */ = {
			isa = XCConfigurationList;
			buildConfigurations = (
				65A193F21E0AC1190070A4EE /* Debug */,
				65A193F31E0AC1190070A4EE /* Release */,
			);
			defaultConfigurationIsVisible = 0;
			defaultConfigurationName = Release;
		};
		65A193F41E0AC1190070A4EE /* Build configuration list for PBXNativeTarget "operator" */ = {
			isa = XCConfigurationList;
			buildConfigurations = (
				65A193F51E0AC1190070A4EE /* Debug */,
				65A193F61E0AC1190070A4EE /* Release */,
			);
			defaultConfigurationIsVisible = 0;
		};
		65A193F71E0AC1190070A4EE /* Build configuration list for PBXNativeTarget "operatorTests" */ = {
			isa = XCConfigurationList;
			buildConfigurations = (
				65A193F81E0AC1190070A4EE /* Debug */,
				65A193F91E0AC1190070A4EE /* Release */,
			);
			defaultConfigurationIsVisible = 0;
		};
		65A193FA1E0AC1190070A4EE /* Build configuration list for PBXNativeTarget "operatorUITests" */ = {
			isa = XCConfigurationList;
			buildConfigurations = (
				65A193FB1E0AC1190070A4EE /* Debug */,
				65A193FC1E0AC1190070A4EE /* Release */,
			);
			defaultConfigurationIsVisible = 0;
		};
/* End XCConfigurationList section */
	};
	rootObject = 65A193BC1E0AC1190070A4EE /* Project object */;
}
